// !$*UTF8*$!
{
	archiveVersion = 1;
	classes = {
	};
	objectVersion = 56;
	objects = {

/* Begin PBXBuildFile section */
		1A156D072992599D0036C734 /* ContactDetailsViewController.storyboard in Resources */ = {isa = PBXBuildFile; fileRef = 1A156D062992599D0036C734 /* ContactDetailsViewController.storyboard */; };
		1A156D0929929CAF0036C734 /* ContactDetailsViewModel.swift in Sources */ = {isa = PBXBuildFile; fileRef = 1A156D0829929CAF0036C734 /* ContactDetailsViewModel.swift */; };
		1A8A648B2991B47500F64A6A /* Colors.xcassets in Resources */ = {isa = PBXBuildFile; fileRef = 1A8A648A2991B47500F64A6A /* Colors.xcassets */; };
		1A8A648D2991B6FB00F64A6A /* ContactCell.swift in Sources */ = {isa = PBXBuildFile; fileRef = 1A8A648C2991B6FB00F64A6A /* ContactCell.swift */; };
		1A8EFED82990153C00640F9B /* AppDelegate.swift in Sources */ = {isa = PBXBuildFile; fileRef = 1A8EFED72990153C00640F9B /* AppDelegate.swift */; };
		1A8EFEDA2990153C00640F9B /* SceneDelegate.swift in Sources */ = {isa = PBXBuildFile; fileRef = 1A8EFED92990153C00640F9B /* SceneDelegate.swift */; };
		1A8EFEDC2990153C00640F9B /* AllContactsViewController.swift in Sources */ = {isa = PBXBuildFile; fileRef = 1A8EFEDB2990153C00640F9B /* AllContactsViewController.swift */; };
		1A8EFEDF2990153C00640F9B /* AllContactsViewController.storyboard in Resources */ = {isa = PBXBuildFile; fileRef = 1A8EFEDD2990153C00640F9B /* AllContactsViewController.storyboard */; };
		1A8EFEE22990153C00640F9B /* ContactApp.xcdatamodeld in Sources */ = {isa = PBXBuildFile; fileRef = 1A8EFEE02990153C00640F9B /* ContactApp.xcdatamodeld */; };
		1A8EFEE42990153D00640F9B /* Images.xcassets in Resources */ = {isa = PBXBuildFile; fileRef = 1A8EFEE32990153D00640F9B /* Images.xcassets */; };
		1A8EFEE72990153D00640F9B /* LaunchScreen.storyboard in Resources */ = {isa = PBXBuildFile; fileRef = 1A8EFEE52990153D00640F9B /* LaunchScreen.storyboard */; };
		1A8EFEF0299015B500640F9B /* Contact+CoreDataClass.swift in Sources */ = {isa = PBXBuildFile; fileRef = 1A8EFEEE299015B500640F9B /* Contact+CoreDataClass.swift */; };
		1A8EFEF1299015B500640F9B /* Contact+CoreDataProperties.swift in Sources */ = {isa = PBXBuildFile; fileRef = 1A8EFEEF299015B500640F9B /* Contact+CoreDataProperties.swift */; };
		1A8EFEF5299015E400640F9B /* ContactServerModel.swift in Sources */ = {isa = PBXBuildFile; fileRef = 1A8EFEF4299015E400640F9B /* ContactServerModel.swift */; };
		1A8EFEF7299015FC00640F9B /* DatabaseHandler.swift in Sources */ = {isa = PBXBuildFile; fileRef = 1A8EFEF6299015FC00640F9B /* DatabaseHandler.swift */; };
		1A8EFEF92990163000640F9B /* APIHandler.swift in Sources */ = {isa = PBXBuildFile; fileRef = 1A8EFEF82990163000640F9B /* APIHandler.swift */; };
		1A8EFEFC29901A5800640F9B /* ContactDetailsViewController.swift in Sources */ = {isa = PBXBuildFile; fileRef = 1A8EFEFB29901A5800640F9B /* ContactDetailsViewController.swift */; };
/* End PBXBuildFile section */

/* Begin PBXFileReference section */
		1A156D062992599D0036C734 /* ContactDetailsViewController.storyboard */ = {isa = PBXFileReference; lastKnownFileType = file.storyboard; path = ContactDetailsViewController.storyboard; sourceTree = "<group>"; };
		1A156D0829929CAF0036C734 /* ContactDetailsViewModel.swift */ = {isa = PBXFileReference; lastKnownFileType = sourcecode.swift; path = ContactDetailsViewModel.swift; sourceTree = "<group>"; };
		1A8A648A2991B47500F64A6A /* Colors.xcassets */ = {isa = PBXFileReference; lastKnownFileType = folder.assetcatalog; path = Colors.xcassets; sourceTree = "<group>"; };
		1A8A648C2991B6FB00F64A6A /* ContactCell.swift */ = {isa = PBXFileReference; lastKnownFileType = sourcecode.swift; path = ContactCell.swift; sourceTree = "<group>"; };
		1A8EFED42990153C00640F9B /* ContactApp.app */ = {isa = PBXFileReference; explicitFileType = wrapper.application; includeInIndex = 0; path = ContactApp.app; sourceTree = BUILT_PRODUCTS_DIR; };
		1A8EFED72990153C00640F9B /* AppDelegate.swift */ = {isa = PBXFileReference; lastKnownFileType = sourcecode.swift; path = AppDelegate.swift; sourceTree = "<group>"; };
		1A8EFED92990153C00640F9B /* SceneDelegate.swift */ = {isa = PBXFileReference; lastKnownFileType = sourcecode.swift; path = SceneDelegate.swift; sourceTree = "<group>"; };
		1A8EFEDB2990153C00640F9B /* AllContactsViewController.swift */ = {isa = PBXFileReference; lastKnownFileType = sourcecode.swift; path = AllContactsViewController.swift; sourceTree = "<group>"; };
		1A8EFEDE2990153C00640F9B /* Base */ = {isa = PBXFileReference; lastKnownFileType = file.storyboard; name = Base; path = Base.lproj/AllContactsViewController.storyboard; sourceTree = "<group>"; };
		1A8EFEE12990153C00640F9B /* ContactApp.xcdatamodel */ = {isa = PBXFileReference; lastKnownFileType = wrapper.xcdatamodel; path = ContactApp.xcdatamodel; sourceTree = "<group>"; };
		1A8EFEE32990153D00640F9B /* Images.xcassets */ = {isa = PBXFileReference; lastKnownFileType = folder.assetcatalog; path = Images.xcassets; sourceTree = "<group>"; };
		1A8EFEE62990153D00640F9B /* Base */ = {isa = PBXFileReference; lastKnownFileType = file.storyboard; name = Base; path = Base.lproj/LaunchScreen.storyboard; sourceTree = "<group>"; };
		1A8EFEE82990153D00640F9B /* Info.plist */ = {isa = PBXFileReference; lastKnownFileType = text.plist.xml; path = Info.plist; sourceTree = "<group>"; };
		1A8EFEEE299015B500640F9B /* Contact+CoreDataClass.swift */ = {isa = PBXFileReference; lastKnownFileType = sourcecode.swift; path = "Contact+CoreDataClass.swift"; sourceTree = "<group>"; };
		1A8EFEEF299015B500640F9B /* Contact+CoreDataProperties.swift */ = {isa = PBXFileReference; lastKnownFileType = sourcecode.swift; path = "Contact+CoreDataProperties.swift"; sourceTree = "<group>"; };
		1A8EFEF4299015E400640F9B /* ContactServerModel.swift */ = {isa = PBXFileReference; lastKnownFileType = sourcecode.swift; path = ContactServerModel.swift; sourceTree = "<group>"; };
		1A8EFEF6299015FC00640F9B /* DatabaseHandler.swift */ = {isa = PBXFileReference; lastKnownFileType = sourcecode.swift; path = DatabaseHandler.swift; sourceTree = "<group>"; };
		1A8EFEF82990163000640F9B /* APIHandler.swift */ = {isa = PBXFileReference; lastKnownFileType = sourcecode.swift; path = APIHandler.swift; sourceTree = "<group>"; };
		1A8EFEFB29901A5800640F9B /* ContactDetailsViewController.swift */ = {isa = PBXFileReference; lastKnownFileType = sourcecode.swift; path = ContactDetailsViewController.swift; sourceTree = "<group>"; };
/* End PBXFileReference section */

/* Begin PBXFrameworksBuildPhase section */
		1A8EFED12990153C00640F9B /* Frameworks */ = {
			isa = PBXFrameworksBuildPhase;
			buildActionMask = 2147483647;
			files = (
			);
			runOnlyForDeploymentPostprocessing = 0;
		};
/* End PBXFrameworksBuildPhase section */

/* Begin PBXGroup section */
		1A8EFECB2990153C00640F9B = {
			isa = PBXGroup;
			children = (
				1A8EFEEE299015B500640F9B /* Contact+CoreDataClass.swift */,
				1A8EFEEF299015B500640F9B /* Contact+CoreDataProperties.swift */,
				1A8EFED62990153C00640F9B /* ContactApp */,
				1A8EFED52990153C00640F9B /* Products */,
			);
			sourceTree = "<group>";
		};
		1A8EFED52990153C00640F9B /* Products */ = {
			isa = PBXGroup;
			children = (
				1A8EFED42990153C00640F9B /* ContactApp.app */,
			);
			name = Products;
			sourceTree = "<group>";
		};
		1A8EFED62990153C00640F9B /* ContactApp */ = {
			isa = PBXGroup;
			children = (
				1A8EFED72990153C00640F9B /* AppDelegate.swift */,
				1A8EFED92990153C00640F9B /* SceneDelegate.swift */,
				1A8EFEF2299015BE00640F9B /* Screen 1 */,
				1A8EFEFA29901A4400640F9B /* Screen 2 */,
				1A8EFEF3299015D000640F9B /* Data */,
				1A8EFEE32990153D00640F9B /* Images.xcassets */,
				1A8A648A2991B47500F64A6A /* Colors.xcassets */,
				1A8EFEE52990153D00640F9B /* LaunchScreen.storyboard */,
				1A8EFEE82990153D00640F9B /* Info.plist */,
				1A8EFEE02990153C00640F9B /* ContactApp.xcdatamodeld */,
			);
			path = ContactApp;
			sourceTree = "<group>";
		};
		1A8EFEF2299015BE00640F9B /* Screen 1 */ = {
			isa = PBXGroup;
			children = (
				1A8EFEDB2990153C00640F9B /* AllContactsViewController.swift */,
				1A8EFEDD2990153C00640F9B /* AllContactsViewController.storyboard */,
				1A8A648C2991B6FB00F64A6A /* ContactCell.swift */,
			);
			path = "Screen 1";
			sourceTree = "<group>";
		};
		1A8EFEF3299015D000640F9B /* Data */ = {
			isa = PBXGroup;
			children = (
				1A8EFEF4299015E400640F9B /* ContactServerModel.swift */,
				1A8EFEF6299015FC00640F9B /* DatabaseHandler.swift */,
				1A8EFEF82990163000640F9B /* APIHandler.swift */,
			);
			path = Data;
			sourceTree = "<group>";
		};
		1A8EFEFA29901A4400640F9B /* Screen 2 */ = {
			isa = PBXGroup;
			children = (
				1A8EFEFB29901A5800640F9B /* ContactDetailsViewController.swift */,
				1A156D062992599D0036C734 /* ContactDetailsViewController.storyboard */,
				1A156D0829929CAF0036C734 /* ContactDetailsViewModel.swift */,
			);
			path = "Screen 2";
			sourceTree = "<group>";
		};
/* End PBXGroup section */

/* Begin PBXNativeTarget section */
		1A8EFED32990153C00640F9B /* ContactApp */ = {
			isa = PBXNativeTarget;
			buildConfigurationList = 1A8EFEEB2990153D00640F9B /* Build configuration list for PBXNativeTarget "ContactApp" */;
			buildPhases = (
				1A8EFED02990153C00640F9B /* Sources */,
				1A8EFED12990153C00640F9B /* Frameworks */,
				1A8EFED22990153C00640F9B /* Resources */,
			);
			buildRules = (
			);
			dependencies = (
			);
			name = ContactApp;
			productName = ContactApp;
			productReference = 1A8EFED42990153C00640F9B /* ContactApp.app */;
			productType = "com.apple.product-type.application";
		};
/* End PBXNativeTarget section */

/* Begin PBXProject section */
		1A8EFECC2990153C00640F9B /* Project object */ = {
			isa = PBXProject;
			attributes = {
				BuildIndependentTargetsInParallel = 1;
				LastSwiftUpdateCheck = 1420;
				LastUpgradeCheck = 1420;
				TargetAttributes = {
					1A8EFED32990153C00640F9B = {
						CreatedOnToolsVersion = 14.2;
					};
				};
			};
			buildConfigurationList = 1A8EFECF2990153C00640F9B /* Build configuration list for PBXProject "ContactApp" */;
			compatibilityVersion = "Xcode 14.0";
			developmentRegion = en;
			hasScannedForEncodings = 0;
			knownRegions = (
				en,
				Base,
			);
			mainGroup = 1A8EFECB2990153C00640F9B;
			productRefGroup = 1A8EFED52990153C00640F9B /* Products */;
			projectDirPath = "";
			projectRoot = "";
			targets = (
				1A8EFED32990153C00640F9B /* ContactApp */,
			);
		};
/* End PBXProject section */

/* Begin PBXResourcesBuildPhase section */
		1A8EFED22990153C00640F9B /* Resources */ = {
			isa = PBXResourcesBuildPhase;
			buildActionMask = 2147483647;
			files = (
				1A8EFEE72990153D00640F9B /* LaunchScreen.storyboard in Resources */,
				1A8A648B2991B47500F64A6A /* Colors.xcassets in Resources */,
				1A8EFEE42990153D00640F9B /* Images.xcassets in Resources */,
				1A8EFEDF2990153C00640F9B /* AllContactsViewController.storyboard in Resources */,
				1A156D072992599D0036C734 /* ContactDetailsViewController.storyboard in Resources */,
			);
			runOnlyForDeploymentPostprocessing = 0;
		};
/* End PBXResourcesBuildPhase section */

/* Begin PBXSourcesBuildPhase section */
		1A8EFED02990153C00640F9B /* Sources */ = {
			isa = PBXSourcesBuildPhase;
			buildActionMask = 2147483647;
			files = (
				1A8EFEFC29901A5800640F9B /* ContactDetailsViewController.swift in Sources */,
				1A8EFEF1299015B500640F9B /* Contact+CoreDataProperties.swift in Sources */,
				1A156D0929929CAF0036C734 /* ContactDetailsViewModel.swift in Sources */,
				1A8EFEE22990153C00640F9B /* ContactApp.xcdatamodeld in Sources */,
				1A8EFEDC2990153C00640F9B /* AllContactsViewController.swift in Sources */,
				1A8EFEF7299015FC00640F9B /* DatabaseHandler.swift in Sources */,
				1A8EFED82990153C00640F9B /* AppDelegate.swift in Sources */,
				1A8A648D2991B6FB00F64A6A /* ContactCell.swift in Sources */,
				1A8EFEF5299015E400640F9B /* ContactServerModel.swift in Sources */,
				1A8EFEF92990163000640F9B /* APIHandler.swift in Sources */,
				1A8EFEDA2990153C00640F9B /* SceneDelegate.swift in Sources */,
				1A8EFEF0299015B500640F9B /* Contact+CoreDataClass.swift in Sources */,
			);
			runOnlyForDeploymentPostprocessing = 0;
		};
/* End PBXSourcesBuildPhase section */

/* Begin PBXVariantGroup section */
		1A8EFEDD2990153C00640F9B /* AllContactsViewController.storyboard */ = {
			isa = PBXVariantGroup;
			children = (
				1A8EFEDE2990153C00640F9B /* Base */,
			);
			name = AllContactsViewController.storyboard;
			sourceTree = "<group>";
		};
		1A8EFEE52990153D00640F9B /* LaunchScreen.storyboard */ = {
			isa = PBXVariantGroup;
			children = (
				1A8EFEE62990153D00640F9B /* Base */,
			);
			name = LaunchScreen.storyboard;
			sourceTree = "<group>";
		};
/* End PBXVariantGroup section */

/* Begin XCBuildConfiguration section */
		1A8EFEE92990153D00640F9B /* Debug */ = {
			isa = XCBuildConfiguration;
			buildSettings = {
				ALWAYS_SEARCH_USER_PATHS = NO;
				CLANG_ANALYZER_NONNULL = YES;
				CLANG_ANALYZER_NUMBER_OBJECT_CONVERSION = YES_AGGRESSIVE;
				CLANG_CXX_LANGUAGE_STANDARD = "gnu++20";
				CLANG_ENABLE_MODULES = YES;
				CLANG_ENABLE_OBJC_ARC = YES;
				CLANG_ENABLE_OBJC_WEAK = YES;
				CLANG_WARN_BLOCK_CAPTURE_AUTORELEASING = YES;
				CLANG_WARN_BOOL_CONVERSION = YES;
				CLANG_WARN_COMMA = YES;
				CLANG_WARN_CONSTANT_CONVERSION = YES;
				CLANG_WARN_DEPRECATED_OBJC_IMPLEMENTATIONS = YES;
				CLANG_WARN_DIRECT_OBJC_ISA_USAGE = YES_ERROR;
				CLANG_WARN_DOCUMENTATION_COMMENTS = YES;
				CLANG_WARN_EMPTY_BODY = YES;
				CLANG_WARN_ENUM_CONVERSION = YES;
				CLANG_WARN_INFINITE_RECURSION = YES;
				CLANG_WARN_INT_CONVERSION = YES;
				CLANG_WARN_NON_LITERAL_NULL_CONVERSION = YES;
				CLANG_WARN_OBJC_IMPLICIT_RETAIN_SELF = YES;
				CLANG_WARN_OBJC_LITERAL_CONVERSION = YES;
				CLANG_WARN_OBJC_ROOT_CLASS = YES_ERROR;
				CLANG_WARN_QUOTED_INCLUDE_IN_FRAMEWORK_HEADER = YES;
				CLANG_WARN_RANGE_LOOP_ANALYSIS = YES;
				CLANG_WARN_STRICT_PROTOTYPES = YES;
				CLANG_WARN_SUSPICIOUS_MOVE = YES;
				CLANG_WARN_UNGUARDED_AVAILABILITY = YES_AGGRESSIVE;
				CLANG_WARN_UNREACHABLE_CODE = YES;
				CLANG_WARN__DUPLICATE_METHOD_MATCH = YES;
				COPY_PHASE_STRIP = NO;
				DEBUG_INFORMATION_FORMAT = dwarf;
				ENABLE_STRICT_OBJC_MSGSEND = YES;
				ENABLE_TESTABILITY = YES;
				GCC_C_LANGUAGE_STANDARD = gnu11;
				GCC_DYNAMIC_NO_PIC = NO;
				GCC_NO_COMMON_BLOCKS = YES;
				GCC_OPTIMIZATION_LEVEL = 0;
				GCC_PREPROCESSOR_DEFINITIONS = (
					"DEBUG=1",
					"$(inherited)",
				);
				GCC_WARN_64_TO_32_BIT_CONVERSION = YES;
				GCC_WARN_ABOUT_RETURN_TYPE = YES_ERROR;
				GCC_WARN_UNDECLARED_SELECTOR = YES;
				GCC_WARN_UNINITIALIZED_AUTOS = YES_AGGRESSIVE;
				GCC_WARN_UNUSED_FUNCTION = YES;
				GCC_WARN_UNUSED_VARIABLE = YES;
				IPHONEOS_DEPLOYMENT_TARGET = 16.2;
				MTL_ENABLE_DEBUG_INFO = INCLUDE_SOURCE;
				MTL_FAST_MATH = YES;
				ONLY_ACTIVE_ARCH = YES;
				SDKROOT = iphoneos;
				SWIFT_ACTIVE_COMPILATION_CONDITIONS = DEBUG;
				SWIFT_OPTIMIZATION_LEVEL = "-Onone";
			};
			name = Debug;
		};
		1A8EFEEA2990153D00640F9B /* Release */ = {
			isa = XCBuildConfiguration;
			buildSettings = {
				ALWAYS_SEARCH_USER_PATHS = NO;
				CLANG_ANALYZER_NONNULL = YES;
				CLANG_ANALYZER_NUMBER_OBJECT_CONVERSION = YES_AGGRESSIVE;
				CLANG_CXX_LANGUAGE_STANDARD = "gnu++20";
				CLANG_ENABLE_MODULES = YES;
				CLANG_ENABLE_OBJC_ARC = YES;
				CLANG_ENABLE_OBJC_WEAK = YES;
				CLANG_WARN_BLOCK_CAPTURE_AUTORELEASING = YES;
				CLANG_WARN_BOOL_CONVERSION = YES;
				CLANG_WARN_COMMA = YES;
				CLANG_WARN_CONSTANT_CONVERSION = YES;
				CLANG_WARN_DEPRECATED_OBJC_IMPLEMENTATIONS = YES;
				CLANG_WARN_DIRECT_OBJC_ISA_USAGE = YES_ERROR;
				CLANG_WARN_DOCUMENTATION_COMMENTS = YES;
				CLANG_WARN_EMPTY_BODY = YES;
				CLANG_WARN_ENUM_CONVERSION = YES;
				CLANG_WARN_INFINITE_RECURSION = YES;
				CLANG_WARN_INT_CONVERSION = YES;
				CLANG_WARN_NON_LITERAL_NULL_CONVERSION = YES;
				CLANG_WARN_OBJC_IMPLICIT_RETAIN_SELF = YES;
				CLANG_WARN_OBJC_LITERAL_CONVERSION = YES;
				CLANG_WARN_OBJC_ROOT_CLASS = YES_ERROR;
				CLANG_WARN_QUOTED_INCLUDE_IN_FRAMEWORK_HEADER = YES;
				CLANG_WARN_RANGE_LOOP_ANALYSIS = YES;
				CLANG_WARN_STRICT_PROTOTYPES = YES;
				CLANG_WARN_SUSPICIOUS_MOVE = YES;
				CLANG_WARN_UNGUARDED_AVAILABILITY = YES_AGGRESSIVE;
				CLANG_WARN_UNREACHABLE_CODE = YES;
				CLANG_WARN__DUPLICATE_METHOD_MATCH = YES;
				COPY_PHASE_STRIP = NO;
				DEBUG_INFORMATION_FORMAT = "dwarf-with-dsym";
				ENABLE_NS_ASSERTIONS = NO;
				ENABLE_STRICT_OBJC_MSGSEND = YES;
				GCC_C_LANGUAGE_STANDARD = gnu11;
				GCC_NO_COMMON_BLOCKS = YES;
				GCC_WARN_64_TO_32_BIT_CONVERSION = YES;
				GCC_WARN_ABOUT_RETURN_TYPE = YES_ERROR;
				GCC_WARN_UNDECLARED_SELECTOR = YES;
				GCC_WARN_UNINITIALIZED_AUTOS = YES_AGGRESSIVE;
				GCC_WARN_UNUSED_FUNCTION = YES;
				GCC_WARN_UNUSED_VARIABLE = YES;
				IPHONEOS_DEPLOYMENT_TARGET = 16.2;
				MTL_ENABLE_DEBUG_INFO = NO;
				MTL_FAST_MATH = YES;
				SDKROOT = iphoneos;
				SWIFT_COMPILATION_MODE = wholemodule;
				SWIFT_OPTIMIZATION_LEVEL = "-O";
				VALIDATE_PRODUCT = YES;
			};
			name = Release;
		};
		1A8EFEEC2990153D00640F9B /* Debug */ = {
			isa = XCBuildConfiguration;
			buildSettings = {
				ASSETCATALOG_COMPILER_APPICON_NAME = AppIcon;
				ASSETCATALOG_COMPILER_GLOBAL_ACCENT_COLOR_NAME = AccentColor;
				CODE_SIGN_STYLE = Automatic;
				CURRENT_PROJECT_VERSION = 1;
				DEVELOPMENT_TEAM = SG6THVA568;
				GENERATE_INFOPLIST_FILE = YES;
				INFOPLIST_FILE = ContactApp/Info.plist;
				INFOPLIST_KEY_UIApplicationSupportsIndirectInputEvents = YES;
				INFOPLIST_KEY_UILaunchStoryboardName = LaunchScreen;
				INFOPLIST_KEY_UIMainStoryboardFile = AllContactsViewController;
				INFOPLIST_KEY_UISupportedInterfaceOrientations_iPad = "UIInterfaceOrientationPortrait UIInterfaceOrientationPortraitUpsideDown UIInterfaceOrientationLandscapeLeft UIInterfaceOrientationLandscapeRight";
				INFOPLIST_KEY_UISupportedInterfaceOrientations_iPhone = "UIInterfaceOrientationPortrait UIInterfaceOrientationLandscapeLeft UIInterfaceOrientationLandscapeRight";
				LD_RUNPATH_SEARCH_PATHS = (
					"$(inherited)",
					"@executable_path/Frameworks",
				);
				MARKETING_VERSION = 1.0;
				PRODUCT_BUNDLE_IDENTIFIER = com.example.manoled.ContactApp;
				PRODUCT_NAME = "$(TARGET_NAME)";
				SWIFT_EMIT_LOC_STRINGS = YES;
				SWIFT_VERSION = 5.0;
				TARGETED_DEVICE_FAMILY = "1,2";
			};
			name = Debug;
		};
		1A8EFEED2990153D00640F9B /* Release */ = {
			isa = XCBuildConfiguration;
			buildSettings = {
				ASSETCATALOG_COMPILER_APPICON_NAME = AppIcon;
				ASSETCATALOG_COMPILER_GLOBAL_ACCENT_COLOR_NAME = AccentColor;
				CODE_SIGN_STYLE = Automatic;
				CURRENT_PROJECT_VERSION = 1;
				DEVELOPMENT_TEAM = SG6THVA568;
				GENERATE_INFOPLIST_FILE = YES;
				INFOPLIST_FILE = ContactApp/Info.plist;
				INFOPLIST_KEY_UIApplicationSupportsIndirectInputEvents = YES;
				INFOPLIST_KEY_UILaunchStoryboardName = LaunchScreen;
				INFOPLIST_KEY_UIMainStoryboardFile = AllContactsViewController;
				INFOPLIST_KEY_UISupportedInterfaceOrientations_iPad = "UIInterfaceOrientationPortrait UIInterfaceOrientationPortraitUpsideDown UIInterfaceOrientationLandscapeLeft UIInterfaceOrientationLandscapeRight";
				INFOPLIST_KEY_UISupportedInterfaceOrientations_iPhone = "UIInterfaceOrientationPortrait UIInterfaceOrientationLandscapeLeft UIInterfaceOrientationLandscapeRight";
				LD_RUNPATH_SEARCH_PATHS = (
					"$(inherited)",
					"@executable_path/Frameworks",
				);
				MARKETING_VERSION = 1.0;
				PRODUCT_BUNDLE_IDENTIFIER = com.example.manoled.ContactApp;
				PRODUCT_NAME = "$(TARGET_NAME)";
				SWIFT_EMIT_LOC_STRINGS = YES;
				SWIFT_VERSION = 5.0;
				TARGETED_DEVICE_FAMILY = "1,2";
			};
			name = Release;
		};
/* End XCBuildConfiguration section */

/* Begin XCConfigurationList section */
		1A8EFECF2990153C00640F9B /* Build configuration list for PBXProject "ContactApp" */ = {
			isa = XCConfigurationList;
			buildConfigurations = (
				1A8EFEE92990153D00640F9B /* Debug */,
				1A8EFEEA2990153D00640F9B /* Release */,
			);
			defaultConfigurationIsVisible = 0;
			defaultConfigurationName = Release;
		};
		1A8EFEEB2990153D00640F9B /* Build configuration list for PBXNativeTarget "ContactApp" */ = {
			isa = XCConfigurationList;
			buildConfigurations = (
				1A8EFEEC2990153D00640F9B /* Debug */,
				1A8EFEED2990153D00640F9B /* Release */,
			);
			defaultConfigurationIsVisible = 0;
			defaultConfigurationName = Release;
		};
/* End XCConfigurationList section */

/* Begin XCVersionGroup section */
		1A8EFEE02990153C00640F9B /* ContactApp.xcdatamodeld */ = {
			isa = XCVersionGroup;
			children = (
				1A8EFEE12990153C00640F9B /* ContactApp.xcdatamodel */,
			);
			currentVersion = 1A8EFEE12990153C00640F9B /* ContactApp.xcdatamodel */;
			path = ContactApp.xcdatamodeld;
			sourceTree = "<group>";
			versionGroupType = wrapper.xcdatamodel;
		};
/* End XCVersionGroup section */
	};
	rootObject = 1A8EFECC2990153C00640F9B /* Project object */;
}
